// !$*UTF8*$!
{
	archiveVersion = 1;
	classes = {
	};
	objectVersion = 55;
	objects = {

/* Begin PBXBuildFile section */
		E757E6D527453F7D0071A2BB /* LandmarksApp.swift in Sources */ = {isa = PBXBuildFile; fileRef = E757E6C527453F7C0071A2BB /* LandmarksApp.swift */; };
		E757E6D627453F7D0071A2BB /* LandmarksApp.swift in Sources */ = {isa = PBXBuildFile; fileRef = E757E6C527453F7C0071A2BB /* LandmarksApp.swift */; };
		E757E6D727453F7D0071A2BB /* ContentView.swift in Sources */ = {isa = PBXBuildFile; fileRef = E757E6C627453F7C0071A2BB /* ContentView.swift */; };
		E757E6D827453F7D0071A2BB /* ContentView.swift in Sources */ = {isa = PBXBuildFile; fileRef = E757E6C627453F7C0071A2BB /* ContentView.swift */; };
		E757E6D927453F7D0071A2BB /* Assets.xcassets in Resources */ = {isa = PBXBuildFile; fileRef = E757E6C727453F7D0071A2BB /* Assets.xcassets */; };
		E757E6DA27453F7D0071A2BB /* Assets.xcassets in Resources */ = {isa = PBXBuildFile; fileRef = E757E6C727453F7D0071A2BB /* Assets.xcassets */; };
		E79AD02A2746622E00179D54 /* CircleImage.swift in Sources */ = {isa = PBXBuildFile; fileRef = E79AD0292746622E00179D54 /* CircleImage.swift */; };
		E79AD02B2746622E00179D54 /* CircleImage.swift in Sources */ = {isa = PBXBuildFile; fileRef = E79AD0292746622E00179D54 /* CircleImage.swift */; };
		E79AD02D274664BE00179D54 /* MapView.swift in Sources */ = {isa = PBXBuildFile; fileRef = E79AD02C274664BE00179D54 /* MapView.swift */; };
		E79AD02E274664BE00179D54 /* MapView.swift in Sources */ = {isa = PBXBuildFile; fileRef = E79AD02C274664BE00179D54 /* MapView.swift */; };
		E79AD03027466C0D00179D54 /* landmarkData.json in Resources */ = {isa = PBXBuildFile; fileRef = E79AD02F27466C0D00179D54 /* landmarkData.json */; };
		E79AD03127466C0D00179D54 /* landmarkData.json in Resources */ = {isa = PBXBuildFile; fileRef = E79AD02F27466C0D00179D54 /* landmarkData.json */; };
		E79AD03327466C4900179D54 /* Landmark.swift in Sources */ = {isa = PBXBuildFile; fileRef = E79AD03227466C4900179D54 /* Landmark.swift */; };
		E79AD03427466C4900179D54 /* Landmark.swift in Sources */ = {isa = PBXBuildFile; fileRef = E79AD03227466C4900179D54 /* Landmark.swift */; };
		E79AD036274671CB00179D54 /* ModelData.swift in Sources */ = {isa = PBXBuildFile; fileRef = E79AD035274671CB00179D54 /* ModelData.swift */; };
		E79AD037274671CB00179D54 /* ModelData.swift in Sources */ = {isa = PBXBuildFile; fileRef = E79AD035274671CB00179D54 /* ModelData.swift */; };
		E79AD03C274679F200179D54 /* LandmarkRow.swift in Sources */ = {isa = PBXBuildFile; fileRef = E79AD03B274679F200179D54 /* LandmarkRow.swift */; };
		E79AD03D274679F200179D54 /* LandmarkRow.swift in Sources */ = {isa = PBXBuildFile; fileRef = E79AD03B274679F200179D54 /* LandmarkRow.swift */; };
		E79AD03F2746907600179D54 /* LandmarkList.swift in Sources */ = {isa = PBXBuildFile; fileRef = E79AD03E2746907500179D54 /* LandmarkList.swift */; };
		E79AD0402746907600179D54 /* LandmarkList.swift in Sources */ = {isa = PBXBuildFile; fileRef = E79AD03E2746907500179D54 /* LandmarkList.swift */; };
		E79AD0422746940800179D54 /* LandMarkDetail.swift in Sources */ = {isa = PBXBuildFile; fileRef = E79AD0412746940800179D54 /* LandMarkDetail.swift */; };
		E79AD0432746940900179D54 /* LandMarkDetail.swift in Sources */ = {isa = PBXBuildFile; fileRef = E79AD0412746940800179D54 /* LandMarkDetail.swift */; };
/* End PBXBuildFile section */

/* Begin PBXFileReference section */
		E757E6C527453F7C0071A2BB /* LandmarksApp.swift */ = {isa = PBXFileReference; lastKnownFileType = sourcecode.swift; path = LandmarksApp.swift; sourceTree = "<group>"; };
		E757E6C627453F7C0071A2BB /* ContentView.swift */ = {isa = PBXFileReference; lastKnownFileType = sourcecode.swift; path = ContentView.swift; sourceTree = "<group>"; };
		E757E6C727453F7D0071A2BB /* Assets.xcassets */ = {isa = PBXFileReference; lastKnownFileType = folder.assetcatalog; path = Assets.xcassets; sourceTree = "<group>"; };
		E757E6CC27453F7D0071A2BB /* Landmarks.app */ = {isa = PBXFileReference; explicitFileType = wrapper.application; includeInIndex = 0; path = Landmarks.app; sourceTree = BUILT_PRODUCTS_DIR; };
		E757E6D227453F7D0071A2BB /* Landmarks.app */ = {isa = PBXFileReference; explicitFileType = wrapper.application; includeInIndex = 0; path = Landmarks.app; sourceTree = BUILT_PRODUCTS_DIR; };
		E757E6D427453F7D0071A2BB /* macOS.entitlements */ = {isa = PBXFileReference; lastKnownFileType = text.plist.entitlements; path = macOS.entitlements; sourceTree = "<group>"; };
		E79AD0292746622E00179D54 /* CircleImage.swift */ = {isa = PBXFileReference; lastKnownFileType = sourcecode.swift; path = CircleImage.swift; sourceTree = "<group>"; };
		E79AD02C274664BE00179D54 /* MapView.swift */ = {isa = PBXFileReference; lastKnownFileType = sourcecode.swift; path = MapView.swift; sourceTree = "<group>"; };
		E79AD02F27466C0D00179D54 /* landmarkData.json */ = {isa = PBXFileReference; fileEncoding = 4; lastKnownFileType = text.json; path = landmarkData.json; sourceTree = "<group>"; };
		E79AD03227466C4900179D54 /* Landmark.swift */ = {isa = PBXFileReference; lastKnownFileType = sourcecode.swift; path = Landmark.swift; sourceTree = "<group>"; };
		E79AD035274671CB00179D54 /* ModelData.swift */ = {isa = PBXFileReference; lastKnownFileType = sourcecode.swift; path = ModelData.swift; sourceTree = "<group>"; };
		E79AD03B274679F200179D54 /* LandmarkRow.swift */ = {isa = PBXFileReference; lastKnownFileType = sourcecode.swift; path = LandmarkRow.swift; sourceTree = "<group>"; };
		E79AD03E2746907500179D54 /* LandmarkList.swift */ = {isa = PBXFileReference; lastKnownFileType = sourcecode.swift; path = LandmarkList.swift; sourceTree = "<group>"; };
		E79AD0412746940800179D54 /* LandMarkDetail.swift */ = {isa = PBXFileReference; lastKnownFileType = sourcecode.swift; path = LandMarkDetail.swift; sourceTree = "<group>"; };
/* End PBXFileReference section */

/* Begin PBXFrameworksBuildPhase section */
		E757E6C927453F7D0071A2BB /* Frameworks */ = {
			isa = PBXFrameworksBuildPhase;
			buildActionMask = 2147483647;
			files = (
			);
			runOnlyForDeploymentPostprocessing = 0;
		};
		E757E6CF27453F7D0071A2BB /* Frameworks */ = {
			isa = PBXFrameworksBuildPhase;
			buildActionMask = 2147483647;
			files = (
			);
			runOnlyForDeploymentPostprocessing = 0;
		};
/* End PBXFrameworksBuildPhase section */

/* Begin PBXGroup section */
		E757E6BF27453F7C0071A2BB = {
			isa = PBXGroup;
			children = (
				E757E6C427453F7C0071A2BB /* Shared */,
				E757E6D327453F7D0071A2BB /* macOS */,
				E757E6CD27453F7D0071A2BB /* Products */,
			);
			sourceTree = "<group>";
		};
		E757E6C427453F7C0071A2BB /* Shared */ = {
			isa = PBXGroup;
			children = (
				E757E6C527453F7C0071A2BB /* LandmarksApp.swift */,
				E79AD0382746792C00179D54 /* Views */,
				E79AD0392746793D00179D54 /* Model */,
				E79AD03A2746795700179D54 /* Resources */,
				E757E6C727453F7D0071A2BB /* Assets.xcassets */,
			);
			path = Shared;
			sourceTree = "<group>";
		};
		E757E6CD27453F7D0071A2BB /* Products */ = {
			isa = PBXGroup;
			children = (
				E757E6CC27453F7D0071A2BB /* Landmarks.app */,
				E757E6D227453F7D0071A2BB /* Landmarks.app */,
			);
			name = Products;
			sourceTree = "<group>";
		};
		E757E6D327453F7D0071A2BB /* macOS */ = {
			isa = PBXGroup;
			children = (
				E757E6D427453F7D0071A2BB /* macOS.entitlements */,
			);
			path = macOS;
			sourceTree = "<group>";
		};
		E79AD0382746792C00179D54 /* Views */ = {
			isa = PBXGroup;
			children = (
				E757E6C627453F7C0071A2BB /* ContentView.swift */,
				E79AD0292746622E00179D54 /* CircleImage.swift */,
				E79AD02C274664BE00179D54 /* MapView.swift */,
				E79AD03B274679F200179D54 /* LandmarkRow.swift */,
				E79AD03E2746907500179D54 /* LandmarkList.swift */,
				E79AD0412746940800179D54 /* LandMarkDetail.swift */,
			);
			path = Views;
			sourceTree = "<group>";
		};
		E79AD0392746793D00179D54 /* Model */ = {
			isa = PBXGroup;
			children = (
				E79AD03227466C4900179D54 /* Landmark.swift */,
				E79AD035274671CB00179D54 /* ModelData.swift */,
			);
			path = Model;
			sourceTree = "<group>";
		};
		E79AD03A2746795700179D54 /* Resources */ = {
			isa = PBXGroup;
			children = (
				E79AD02F27466C0D00179D54 /* landmarkData.json */,
			);
			path = Resources;
			sourceTree = "<group>";
		};
/* End PBXGroup section */

/* Begin PBXNativeTarget section */
		E757E6CB27453F7D0071A2BB /* Landmarks (iOS) */ = {
			isa = PBXNativeTarget;
			buildConfigurationList = E757E6DD27453F7D0071A2BB /* Build configuration list for PBXNativeTarget "Landmarks (iOS)" */;
			buildPhases = (
				E757E6C827453F7D0071A2BB /* Sources */,
				E757E6C927453F7D0071A2BB /* Frameworks */,
				E757E6CA27453F7D0071A2BB /* Resources */,
			);
			buildRules = (
			);
			dependencies = (
			);
			name = "Landmarks (iOS)";
			productName = "Landmarks (iOS)";
			productReference = E757E6CC27453F7D0071A2BB /* Landmarks.app */;
			productType = "com.apple.product-type.application";
		};
		E757E6D127453F7D0071A2BB /* Landmarks (macOS) */ = {
			isa = PBXNativeTarget;
			buildConfigurationList = E757E6E027453F7D0071A2BB /* Build configuration list for PBXNativeTarget "Landmarks (macOS)" */;
			buildPhases = (
				E757E6CE27453F7D0071A2BB /* Sources */,
				E757E6CF27453F7D0071A2BB /* Frameworks */,
				E757E6D027453F7D0071A2BB /* Resources */,
			);
			buildRules = (
			);
			dependencies = (
			);
			name = "Landmarks (macOS)";
			productName = "Landmarks (macOS)";
			productReference = E757E6D227453F7D0071A2BB /* Landmarks.app */;
			productType = "com.apple.product-type.application";
		};
/* End PBXNativeTarget section */

/* Begin PBXProject section */
		E757E6C027453F7C0071A2BB /* Project object */ = {
			isa = PBXProject;
			attributes = {
				BuildIndependentTargetsInParallel = 1;
				LastSwiftUpdateCheck = 1310;
				LastUpgradeCheck = 1310;
				TargetAttributes = {
					E757E6CB27453F7D0071A2BB = {
						CreatedOnToolsVersion = 13.1;
					};
					E757E6D127453F7D0071A2BB = {
						CreatedOnToolsVersion = 13.1;
					};
				};
			};
			buildConfigurationList = E757E6C327453F7C0071A2BB /* Build configuration list for PBXProject "Landmarks" */;
			compatibilityVersion = "Xcode 13.0";
			developmentRegion = en;
			hasScannedForEncodings = 0;
			knownRegions = (
				en,
				Base,
			);
			mainGroup = E757E6BF27453F7C0071A2BB;
			productRefGroup = E757E6CD27453F7D0071A2BB /* Products */;
			projectDirPath = "";
			projectRoot = "";
			targets = (
				E757E6CB27453F7D0071A2BB /* Landmarks (iOS) */,
				E757E6D127453F7D0071A2BB /* Landmarks (macOS) */,
			);
		};
/* End PBXProject section */

/* Begin PBXResourcesBuildPhase section */
		E757E6CA27453F7D0071A2BB /* Resources */ = {
			isa = PBXResourcesBuildPhase;
			buildActionMask = 2147483647;
			files = (
				E757E6D927453F7D0071A2BB /* Assets.xcassets in Resources */,
				E79AD03027466C0D00179D54 /* landmarkData.json in Resources */,
			);
			runOnlyForDeploymentPostprocessing = 0;
		};
		E757E6D027453F7D0071A2BB /* Resources */ = {
			isa = PBXResourcesBuildPhase;
			buildActionMask = 2147483647;
			files = (
				E757E6DA27453F7D0071A2BB /* Assets.xcassets in Resources */,
				E79AD03127466C0D00179D54 /* landmarkData.json in Resources */,
			);
			runOnlyForDeploymentPostprocessing = 0;
		};
/* End PBXResourcesBuildPhase section */

/* Begin PBXSourcesBuildPhase section */
		E757E6C827453F7D0071A2BB /* Sources */ = {
			isa = PBXSourcesBuildPhase;
			buildActionMask = 2147483647;
			files = (
				E79AD0422746940800179D54 /* LandMarkDetail.swift in Sources */,
				E757E6D727453F7D0071A2BB /* ContentView.swift in Sources */,
				E79AD02D274664BE00179D54 /* MapView.swift in Sources */,
				E757E6D527453F7D0071A2BB /* LandmarksApp.swift in Sources */,
				E79AD03F2746907600179D54 /* LandmarkList.swift in Sources */,
				E79AD02A2746622E00179D54 /* CircleImage.swift in Sources */,
				E79AD03327466C4900179D54 /* Landmark.swift in Sources */,
				E79AD03C274679F200179D54 /* LandmarkRow.swift in Sources */,
				E79AD036274671CB00179D54 /* ModelData.swift in Sources */,
			);
			runOnlyForDeploymentPostprocessing = 0;
		};
		E757E6CE27453F7D0071A2BB /* Sources */ = {
			isa = PBXSourcesBuildPhase;
			buildActionMask = 2147483647;
			files = (
				E79AD0432746940900179D54 /* LandMarkDetail.swift in Sources */,
				E757E6D827453F7D0071A2BB /* ContentView.swift in Sources */,
				E79AD02E274664BE00179D54 /* MapView.swift in Sources */,
				E757E6D627453F7D0071A2BB /* LandmarksApp.swift in Sources */,
				E79AD0402746907600179D54 /* LandmarkList.swift in Sources */,
				E79AD02B2746622E00179D54 /* CircleImage.swift in Sources */,
				E79AD03427466C4900179D54 /* Landmark.swift in Sources */,
				E79AD03D274679F200179D54 /* LandmarkRow.swift in Sources */,
				E79AD037274671CB00179D54 /* ModelData.swift in Sources */,
			);
			runOnlyForDeploymentPostprocessing = 0;
		};
/* End PBXSourcesBuildPhase section */

/* Begin XCBuildConfiguration section */
		E757E6DB27453F7D0071A2BB /* Debug */ = {
			isa = XCBuildConfiguration;
			buildSettings = {
				ALWAYS_SEARCH_USER_PATHS = NO;
				CLANG_ANALYZER_NONNULL = YES;
				CLANG_ANALYZER_NUMBER_OBJECT_CONVERSION = YES_AGGRESSIVE;
				CLANG_CXX_LANGUAGE_STANDARD = "gnu++17";
				CLANG_CXX_LIBRARY = "libc++";
				CLANG_ENABLE_MODULES = YES;
				CLANG_ENABLE_OBJC_ARC = YES;
				CLANG_ENABLE_OBJC_WEAK = YES;
				CLANG_WARN_BLOCK_CAPTURE_AUTORELEASING = YES;
				CLANG_WARN_BOOL_CONVERSION = YES;
				CLANG_WARN_COMMA = YES;
				CLANG_WARN_CONSTANT_CONVERSION = YES;
				CLANG_WARN_DEPRECATED_OBJC_IMPLEMENTATIONS = YES;
				CLANG_WARN_DIRECT_OBJC_ISA_USAGE = YES_ERROR;
				CLANG_WARN_DOCUMENTATION_COMMENTS = YES;
				CLANG_WARN_EMPTY_BODY = YES;
				CLANG_WARN_ENUM_CONVERSION = YES;
				CLANG_WARN_INFINITE_RECURSION = YES;
				CLANG_WARN_INT_CONVERSION = YES;
				CLANG_WARN_NON_LITERAL_NULL_CONVERSION = YES;
				CLANG_WARN_OBJC_IMPLICIT_RETAIN_SELF = YES;
				CLANG_WARN_OBJC_LITERAL_CONVERSION = YES;
				CLANG_WARN_OBJC_ROOT_CLASS = YES_ERROR;
				CLANG_WARN_QUOTED_INCLUDE_IN_FRAMEWORK_HEADER = YES;
				CLANG_WARN_RANGE_LOOP_ANALYSIS = YES;
				CLANG_WARN_STRICT_PROTOTYPES = YES;
				CLANG_WARN_SUSPICIOUS_MOVE = YES;
				CLANG_WARN_UNGUARDED_AVAILABILITY = YES_AGGRESSIVE;
				CLANG_WARN_UNREACHABLE_CODE = YES;
				CLANG_WARN__DUPLICATE_METHOD_MATCH = YES;
				COPY_PHASE_STRIP = NO;
				DEBUG_INFORMATION_FORMAT = dwarf;
				ENABLE_STRICT_OBJC_MSGSEND = YES;
				ENABLE_TESTABILITY = YES;
				GCC_C_LANGUAGE_STANDARD = gnu11;
				GCC_DYNAMIC_NO_PIC = NO;
				GCC_NO_COMMON_BLOCKS = YES;
				GCC_OPTIMIZATION_LEVEL = 0;
				GCC_PREPROCESSOR_DEFINITIONS = (
					"DEBUG=1",
					"$(inherited)",
				);
				GCC_WARN_64_TO_32_BIT_CONVERSION = YES;
				GCC_WARN_ABOUT_RETURN_TYPE = YES_ERROR;
				GCC_WARN_UNDECLARED_SELECTOR = YES;
				GCC_WARN_UNINITIALIZED_AUTOS = YES_AGGRESSIVE;
				GCC_WARN_UNUSED_FUNCTION = YES;
				GCC_WARN_UNUSED_VARIABLE = YES;
				MTL_ENABLE_DEBUG_INFO = INCLUDE_SOURCE;
				MTL_FAST_MATH = YES;
				ONLY_ACTIVE_ARCH = YES;
				SWIFT_ACTIVE_COMPILATION_CONDITIONS = DEBUG;
				SWIFT_OPTIMIZATION_LEVEL = "-Onone";
			};
			name = Debug;
		};
		E757E6DC27453F7D0071A2BB /* Release */ = {
			isa = XCBuildConfiguration;
			buildSettings = {
				ALWAYS_SEARCH_USER_PATHS = NO;
				CLANG_ANALYZER_NONNULL = YES;
				CLANG_ANALYZER_NUMBER_OBJECT_CONVERSION = YES_AGGRESSIVE;
				CLANG_CXX_LANGUAGE_STANDARD = "gnu++17";
				CLANG_CXX_LIBRARY = "libc++";
				CLANG_ENABLE_MODULES = YES;
				CLANG_ENABLE_OBJC_ARC = YES;
				CLANG_ENABLE_OBJC_WEAK = YES;
				CLANG_WARN_BLOCK_CAPTURE_AUTORELEASING = YES;
				CLANG_WARN_BOOL_CONVERSION = YES;
				CLANG_WARN_COMMA = YES;
				CLANG_WARN_CONSTANT_CONVERSION = YES;
				CLANG_WARN_DEPRECATED_OBJC_IMPLEMENTATIONS = YES;
				CLANG_WARN_DIRECT_OBJC_ISA_USAGE = YES_ERROR;
				CLANG_WARN_DOCUMENTATION_COMMENTS = YES;
				CLANG_WARN_EMPTY_BODY = YES;
				CLANG_WARN_ENUM_CONVERSION = YES;
				CLANG_WARN_INFINITE_RECURSION = YES;
				CLANG_WARN_INT_CONVERSION = YES;
				CLANG_WARN_NON_LITERAL_NULL_CONVERSION = YES;
				CLANG_WARN_OBJC_IMPLICIT_RETAIN_SELF = YES;
				CLANG_WARN_OBJC_LITERAL_CONVERSION = YES;
				CLANG_WARN_OBJC_ROOT_CLASS = YES_ERROR;
				CLANG_WARN_QUOTED_INCLUDE_IN_FRAMEWORK_HEADER = YES;
				CLANG_WARN_RANGE_LOOP_ANALYSIS = YES;
				CLANG_WARN_STRICT_PROTOTYPES = YES;
				CLANG_WARN_SUSPICIOUS_MOVE = YES;
				CLANG_WARN_UNGUARDED_AVAILABILITY = YES_AGGRESSIVE;
				CLANG_WARN_UNREACHABLE_CODE = YES;
				CLANG_WARN__DUPLICATE_METHOD_MATCH = YES;
				COPY_PHASE_STRIP = NO;
				DEBUG_INFORMATION_FORMAT = "dwarf-with-dsym";
				ENABLE_NS_ASSERTIONS = NO;
				ENABLE_STRICT_OBJC_MSGSEND = YES;
				GCC_C_LANGUAGE_STANDARD = gnu11;
				GCC_NO_COMMON_BLOCKS = YES;
				GCC_WARN_64_TO_32_BIT_CONVERSION = YES;
				GCC_WARN_ABOUT_RETURN_TYPE = YES_ERROR;
				GCC_WARN_UNDECLARED_SELECTOR = YES;
				GCC_WARN_UNINITIALIZED_AUTOS = YES_AGGRESSIVE;
				GCC_WARN_UNUSED_FUNCTION = YES;
				GCC_WARN_UNUSED_VARIABLE = YES;
				MTL_ENABLE_DEBUG_INFO = NO;
				MTL_FAST_MATH = YES;
				SWIFT_COMPILATION_MODE = wholemodule;
				SWIFT_OPTIMIZATION_LEVEL = "-O";
			};
			name = Release;
		};
		E757E6DE27453F7D0071A2BB /* Debug */ = {
			isa = XCBuildConfiguration;
			buildSettings = {
				ASSETCATALOG_COMPILER_APPICON_NAME = AppIcon;
				ASSETCATALOG_COMPILER_GLOBAL_ACCENT_COLOR_NAME = AccentColor;
				CODE_SIGN_STYLE = Automatic;
				CURRENT_PROJECT_VERSION = 1;
				DEVELOPMENT_TEAM = NVL8V53A55;
				ENABLE_PREVIEWS = YES;
				GENERATE_INFOPLIST_FILE = YES;
				INFOPLIST_KEY_UIApplicationSceneManifest_Generation = YES;
				INFOPLIST_KEY_UIApplicationSupportsIndirectInputEvents = YES;
				INFOPLIST_KEY_UILaunchScreen_Generation = YES;
				INFOPLIST_KEY_UISupportedInterfaceOrientations_iPad = "UIInterfaceOrientationPortrait UIInterfaceOrientationPortraitUpsideDown UIInterfaceOrientationLandscapeLeft UIInterfaceOrientationLandscapeRight";
				INFOPLIST_KEY_UISupportedInterfaceOrientations_iPhone = "UIInterfaceOrientationPortrait UIInterfaceOrientationLandscapeLeft UIInterfaceOrientationLandscapeRight";
				IPHONEOS_DEPLOYMENT_TARGET = 15.0;
				LD_RUNPATH_SEARCH_PATHS = (
					"$(inherited)",
					"@executable_path/Frameworks",
				);
				MARKETING_VERSION = 1.0;
				PRODUCT_BUNDLE_IDENTIFIER = nvs.arthur.Landmarks;
				PRODUCT_NAME = Landmarks;
				SDKROOT = iphoneos;
				SWIFT_EMIT_LOC_STRINGS = YES;
				SWIFT_VERSION = 5.0;
				TARGETED_DEVICE_FAMILY = "1,2";
			};
			name = Debug;
		};
		E757E6DF27453F7D0071A2BB /* Release */ = {
			isa = XCBuildConfiguration;
			buildSettings = {
				ASSETCATALOG_COMPILER_APPICON_NAME = AppIcon;
				ASSETCATALOG_COMPILER_GLOBAL_ACCENT_COLOR_NAME = AccentColor;
				CODE_SIGN_STYLE = Automatic;
				CURRENT_PROJECT_VERSION = 1;
				DEVELOPMENT_TEAM = NVL8V53A55;
				ENABLE_PREVIEWS = YES;
				GENERATE_INFOPLIST_FILE = YES;
				INFOPLIST_KEY_UIApplicationSceneManifest_Generation = YES;
				INFOPLIST_KEY_UIApplicationSupportsIndirectInputEvents = YES;
				INFOPLIST_KEY_UILaunchScreen_Generation = YES;
				INFOPLIST_KEY_UISupportedInterfaceOrientations_iPad = "UIInterfaceOrientationPortrait UIInterfaceOrientationPortraitUpsideDown UIInterfaceOrientationLandscapeLeft UIInterfaceOrientationLandscapeRight";
				INFOPLIST_KEY_UISupportedInterfaceOrientations_iPhone = "UIInterfaceOrientationPortrait UIInterfaceOrientationLandscapeLeft UIInterfaceOrientationLandscapeRight";
				IPHONEOS_DEPLOYMENT_TARGET = 15.0;
				LD_RUNPATH_SEARCH_PATHS = (
					"$(inherited)",
					"@executable_path/Frameworks",
				);
				MARKETING_VERSION = 1.0;
				PRODUCT_BUNDLE_IDENTIFIER = nvs.arthur.Landmarks;
				PRODUCT_NAME = Landmarks;
				SDKROOT = iphoneos;
				SWIFT_EMIT_LOC_STRINGS = YES;
				SWIFT_VERSION = 5.0;
				TARGETED_DEVICE_FAMILY = "1,2";
				VALIDATE_PRODUCT = YES;
			};
			name = Release;
		};
		E757E6E127453F7D0071A2BB /* Debug */ = {
			isa = XCBuildConfiguration;
			buildSettings = {
				ASSETCATALOG_COMPILER_APPICON_NAME = AppIcon;
				ASSETCATALOG_COMPILER_GLOBAL_ACCENT_COLOR_NAME = AccentColor;
				CODE_SIGN_ENTITLEMENTS = macOS/macOS.entitlements;
				CODE_SIGN_STYLE = Automatic;
				COMBINE_HIDPI_IMAGES = YES;
				CURRENT_PROJECT_VERSION = 1;
				DEVELOPMENT_TEAM = NVL8V53A55;
				ENABLE_HARDENED_RUNTIME = YES;
				ENABLE_PREVIEWS = YES;
				GENERATE_INFOPLIST_FILE = YES;
				INFOPLIST_KEY_NSHumanReadableCopyright = "";
				LD_RUNPATH_SEARCH_PATHS = (
					"$(inherited)",
					"@executable_path/../Frameworks",
				);
				MACOSX_DEPLOYMENT_TARGET = 12.0;
				MARKETING_VERSION = 1.0;
				PRODUCT_BUNDLE_IDENTIFIER = nvs.arthur.Landmarks;
				PRODUCT_NAME = Landmarks;
				SDKROOT = macosx;
				SWIFT_EMIT_LOC_STRINGS = YES;
				SWIFT_VERSION = 5.0;
			};
			name = Debug;
		};
		E757E6E227453F7D0071A2BB /* Release */ = {
			isa = XCBuildConfiguration;
			buildSettings = {
				ASSETCATALOG_COMPILER_APPICON_NAME = AppIcon;
				ASSETCATALOG_COMPILER_GLOBAL_ACCENT_COLOR_NAME = AccentColor;
				CODE_SIGN_ENTITLEMENTS = macOS/macOS.entitlements;
				CODE_SIGN_STYLE = Automatic;
				COMBINE_HIDPI_IMAGES = YES;
				CURRENT_PROJECT_VERSION = 1;
				DEVELOPMENT_TEAM = NVL8V53A55;
				ENABLE_HARDENED_RUNTIME = YES;
				ENABLE_PREVIEWS = YES;
				GENERATE_INFOPLIST_FILE = YES;
				INFOPLIST_KEY_NSHumanReadableCopyright = "";
				LD_RUNPATH_SEARCH_PATHS = (
					"$(inherited)",
					"@executable_path/../Frameworks",
				);
				MACOSX_DEPLOYMENT_TARGET = 12.0;
				MARKETING_VERSION = 1.0;
				PRODUCT_BUNDLE_IDENTIFIER = nvs.arthur.Landmarks;
				PRODUCT_NAME = Landmarks;
				SDKROOT = macosx;
				SWIFT_EMIT_LOC_STRINGS = YES;
				SWIFT_VERSION = 5.0;
			};
			name = Release;
		};
/* End XCBuildConfiguration section */

/* Begin XCConfigurationList section */
		E757E6C327453F7C0071A2BB /* Build configuration list for PBXProject "Landmarks" */ = {
			isa = XCConfigurationList;
			buildConfigurations = (
				E757E6DB27453F7D0071A2BB /* Debug */,
				E757E6DC27453F7D0071A2BB /* Release */,
			);
			defaultConfigurationIsVisible = 0;
			defaultConfigurationName = Release;
		};
		E757E6DD27453F7D0071A2BB /* Build configuration list for PBXNativeTarget "Landmarks (iOS)" */ = {
			isa = XCConfigurationList;
			buildConfigurations = (
				E757E6DE27453F7D0071A2BB /* Debug */,
				E757E6DF27453F7D0071A2BB /* Release */,
			);
			defaultConfigurationIsVisible = 0;
			defaultConfigurationName = Release;
		};
		E757E6E027453F7D0071A2BB /* Build configuration list for PBXNativeTarget "Landmarks (macOS)" */ = {
			isa = XCConfigurationList;
			buildConfigurations = (
				E757E6E127453F7D0071A2BB /* Debug */,
				E757E6E227453F7D0071A2BB /* Release */,
			);
			defaultConfigurationIsVisible = 0;
			defaultConfigurationName = Release;
		};
/* End XCConfigurationList section */
	};
	rootObject = E757E6C027453F7C0071A2BB /* Project object */;
}
